{
  "name": "otp-generate",
  "version": "1.0.0",
  "lockfileVersion": 3,
  "requires": true,
  "packages": {
    "": {
      "name": "otp-generate",
      "version": "1.0.0",
      "license": "ISC",
      "dependencies": {
        "nodemailer": "^6.9.9",
        "otp-generator": "^4.0.1"
      }
    },
    "node_modules/nodemailer": {
      "version": "6.9.9",
      "resolved": "https://registry.npmjs.org/nodemailer/-/nodemailer-6.9.9.tgz",
      "integrity": "sha512-dexTll8zqQoVJEZPwQAKzxxtFn0qTnjdQTchoU6Re9BUUGBJiOy3YMn/0ShTW6J5M0dfQ1NeDeRTTl4oIWgQMA==",
      "engines": {
        "node": ">=6.0.0"
      }
    },
    "node_modules/otp-generator": {
      "version": "4.0.1",
      "resolved": "https://registry.npmjs.org/otp-generator/-/otp-generator-4.0.1.tgz",
      "integrity": "sha512-2TJ52vUftA0+J3eque4wwVtpaL4/NdIXDL0gFWFJFVUAZwAN7+9tltMhL7GCNYaHJtuONoier8Hayyj4HLbSag==",
      "engines": {
        "node": ">=14.10.0"
      }
    }
  }
}
